
Microsoft Visual Studio Solution File, Format Version 12.00
# Visual Studio Version 16
VisualStudioVersion = 16.0.29728.190
MinimumVisualStudioVersion = 10.0.40219.1
Project("{2150E333-8FDC-42A3-9474-1A3956D46DE8}") = "src", "src", "{CF664B35-6262-4D1F-81D2-513DEA485A2A}"
EndProject
Project("{FAE04EC0-301F-11D3-BF4B-00C04F79EFBC}") = "DomainLayer", "src\DomainLayer\DomainLayer.csproj", "{83773F1D-562E-4432-83AD-F0D674956E5D}"
EndProject
Project("{FAE04EC0-301F-11D3-BF4B-00C04F79EFBC}") = "PresentationLayer", "src\PresentationLayer\PresentationLayer.csproj", "{C26212D0-B71A-4DDE-BE3C-867B24A9D1B3}"
EndProject
Global
	GlobalSection(SolutionConfigurationPlatforms) = preSolution
		Debug|Any CPU = Debug|Any CPU
		Release|Any CPU = Release|Any CPU
	EndGlobalSection
	GlobalSection(ProjectConfigurationPlatforms) = postSolution
		{83773F1D-562E-4432-83AD-F0D674956E5D}.Debug|Any CPU.ActiveCfg = Debug|Any CPU
		{83773F1D-562E-4432-83AD-F0D674956E5D}.Debug|Any CPU.Build.0 = Debug|Any CPU
		{83773F1D-562E-4432-83AD-F0D674956E5D}.Release|Any CPU.ActiveCfg = Release|Any CPU
		{83773F1D-562E-4432-83AD-F0D674956E5D}.Release|Any CPU.Build.0 = Release|Any CPU
		{C26212D0-B71A-4DDE-BE3C-867B24A9D1B3}.Debug|Any CPU.ActiveCfg = Debug|Any CPU
		{C26212D0-B71A-4DDE-BE3C-867B24A9D1B3}.Debug|Any CPU.Build.0 = Debug|Any CPU
		{C26212D0-B71A-4DDE-BE3C-867B24A9D1B3}.Release|Any CPU.ActiveCfg = Release|Any CPU
		{C26212D0-B71A-4DDE-BE3C-867B24A9D1B3}.Release|Any CPU.Build.0 = Release|Any CPU
	EndGlobalSection
	GlobalSection(SolutionProperties) = preSolution
		HideSolutionNode = FALSE
	EndGlobalSection
	GlobalSection(NestedProjects) = preSolution
		{83773F1D-562E-4432-83AD-F0D674956E5D} = {CF664B35-6262-4D1F-81D2-513DEA485A2A}
	EndGlobalSection
	GlobalSection(ExtensibilityGlobals) = postSolution
		SolutionGuid = {3B870B11-F71E-49C8-A00F-ECF6D4D6163F}
	EndGlobalSection
EndGlobal
